// !$*UTF8*$!
{
	archiveVersion = 1;
	classes = {
	};
	objectVersion = 44;
	objects = {

/* Begin PBXBuildFile section */
		5315EE5D0D940717001E3B2E /* SBCouchServer.h in Headers */ = {isa = PBXBuildFile; fileRef = 5315EE5B0D940717001E3B2E /* SBCouchServer.h */; settings = {ATTRIBUTES = (Private, ); }; };
		5315EE5E0D940717001E3B2E /* SBCouchServer.m in Sources */ = {isa = PBXBuildFile; fileRef = 5315EE5C0D940717001E3B2E /* SBCouchServer.m */; };
		5315EE8B0D941085001E3B2E /* Foundation.framework in Frameworks */ = {isa = PBXBuildFile; fileRef = 0867D69BFE84028FC02AAC07 /* Foundation.framework */; };
		53905A100D9429B4003D62CE /* NSDictionary+CouchObjC.h in Headers */ = {isa = PBXBuildFile; fileRef = 53905A0E0D9429B4003D62CE /* NSDictionary+CouchObjC.h */; settings = {ATTRIBUTES = (Private, ); }; };
		53905A110D9429B4003D62CE /* NSDictionary+CouchObjC.m in Sources */ = {isa = PBXBuildFile; fileRef = 53905A0F0D9429B4003D62CE /* NSDictionary+CouchObjC.m */; };
		53905A580D943BD5003D62CE /* SBCouchDatabase.h in Headers */ = {isa = PBXBuildFile; fileRef = 53905A560D943BD5003D62CE /* SBCouchDatabase.h */; settings = {ATTRIBUTES = (Private, ); }; };
		53905A590D943BD5003D62CE /* SBCouchDatabase.m in Sources */ = {isa = PBXBuildFile; fileRef = 53905A570D943BD5003D62CE /* SBCouchDatabase.m */; };
		53905A830D943DF8003D62CE /* CouchObjC.h in Headers */ = {isa = PBXBuildFile; fileRef = 53905A820D943DF8003D62CE /* CouchObjC.h */; settings = {ATTRIBUTES = (Public, ); }; };
		53A9DB1D0D94583C0019A94C /* SBCouchResponse.h in Headers */ = {isa = PBXBuildFile; fileRef = 53A9DB1B0D94583C0019A94C /* SBCouchResponse.h */; settings = {ATTRIBUTES = (Private, ); }; };
		53A9DB1E0D94583C0019A94C /* SBCouchResponse.m in Sources */ = {isa = PBXBuildFile; fileRef = 53A9DB1C0D94583C0019A94C /* SBCouchResponse.m */; };
		540108440F1DA0E9002AC9E5 /* JSON.framework in Frameworks */ = {isa = PBXBuildFile; fileRef = 540108430F1DA0E9002AC9E5 /* JSON.framework */; };
		540E17A00F30B42C00402ED3 /* SBOrderedDictionary.m in Sources */ = {isa = PBXBuildFile; fileRef = 540E179E0F30B42C00402ED3 /* SBOrderedDictionary.m */; };
		54111F400F606B53007EE391 /* SBCouchQueryOptions.h in Headers */ = {isa = PBXBuildFile; fileRef = 54111F3E0F606B53007EE391 /* SBCouchQueryOptions.h */; settings = {ATTRIBUTES = (Private, ); }; };
		54111F410F606B53007EE391 /* SBCouchQueryOptions.m in Sources */ = {isa = PBXBuildFile; fileRef = 54111F3F0F606B53007EE391 /* SBCouchQueryOptions.m */; };
		541FAE4B0F58E515008099B8 /* CouchObjC.framework in Frameworks */ = {isa = PBXBuildFile; fileRef = 8DC2EF5B0486A6940098B216 /* CouchObjC.framework */; };
		544131230F7A7243006FFC9E /* AbstractDatabaseTest.m in Sources */ = {isa = PBXBuildFile; fileRef = 547767F60F2B812B00E44AFE /* AbstractDatabaseTest.m */; };
		5441334B0F7AC489006FFC9E /* CouchObjC.framework in Frameworks */ = {isa = PBXBuildFile; fileRef = 8DC2EF5B0486A6940098B216 /* CouchObjC.framework */; };
		544133550F7AC4BC006FFC9E /* Server.m in Sources */ = {isa = PBXBuildFile; fileRef = 5315EE780D940818001E3B2E /* Server.m */; };
		544133560F7AC4BC006FFC9E /* Database.m in Sources */ = {isa = PBXBuildFile; fileRef = 53905A500D9430CD003D62CE /* Database.m */; };
		544133570F7AC4BC006FFC9E /* Document.m in Sources */ = {isa = PBXBuildFile; fileRef = 53905A130D9429CE003D62CE /* Document.m */; };
		544133580F7AC4BC006FFC9E /* AbstractDatabaseTest.m in Sources */ = {isa = PBXBuildFile; fileRef = 547767F60F2B812B00E44AFE /* AbstractDatabaseTest.m */; };
		544133590F7AC4BC006FFC9E /* SBCouchDocumentTest.m in Sources */ = {isa = PBXBuildFile; fileRef = 547768AE0F2B91ED00E44AFE /* SBCouchDocumentTest.m */; };
		5441335A0F7AC4BC006FFC9E /* SBCouchViewTest.m in Sources */ = {isa = PBXBuildFile; fileRef = 5445CD2E0F3B4A8F00325ED4 /* SBCouchViewTest.m */; };
		5441335B0F7AC4BC006FFC9E /* SBCouchDesignDocumentTest.m in Sources */ = {isa = PBXBuildFile; fileRef = 5445CDC20F3B50B700325ED4 /* SBCouchDesignDocumentTest.m */; };
		5441335C0F7AC4BC006FFC9E /* SBSlowViewIntegrationTest.m in Sources */ = {isa = PBXBuildFile; fileRef = 54F989600F40D78000CAF6B0 /* SBSlowViewIntegrationTest.m */; };
		5441335D0F7AC4BC006FFC9E /* SBCouchDocumentIntegrationTest.m in Sources */ = {isa = PBXBuildFile; fileRef = 547767ED0F2B80A900E44AFE /* SBCouchDocumentIntegrationTest.m */; };
		5441335E0F7AC4BC006FFC9E /* StandAloneDocumentsIntegrationTest.m in Sources */ = {isa = PBXBuildFile; fileRef = 5495B2E40F585D77007CEAEB /* StandAloneDocumentsIntegrationTest.m */; };
		5441335F0F7AC4BC006FFC9E /* SBEnumeratorIntegrationTest.m in Sources */ = {isa = PBXBuildFile; fileRef = 54111E970F5F1A80007EE391 /* SBEnumeratorIntegrationTest.m */; };
		544133600F7AC4BC006FFC9E /* SBCouchQueryOptionsTest.m in Sources */ = {isa = PBXBuildFile; fileRef = 5411200A0F60CFFD007EE391 /* SBCouchQueryOptionsTest.m */; };
		544133610F7AC4BC006FFC9E /* SBQueryOptionsIntegrationTest.m in Sources */ = {isa = PBXBuildFile; fileRef = 54111F480F6073D1007EE391 /* SBQueryOptionsIntegrationTest.m */; };
		544133620F7AC4BC006FFC9E /* SBCouchDesignDocumentIntegrationTest.m in Sources */ = {isa = PBXBuildFile; fileRef = 54A70F020F685770004F7D2D /* SBCouchDesignDocumentIntegrationTest.m */; };
		5445CB920F3B18EE00325ED4 /* SBCouchDesignDocument.h in Headers */ = {isa = PBXBuildFile; fileRef = 5445CB900F3B18EE00325ED4 /* SBCouchDesignDocument.h */; settings = {ATTRIBUTES = (Private, ); }; };
		5445CB930F3B18EE00325ED4 /* SBCouchDesignDocument.m in Sources */ = {isa = PBXBuildFile; fileRef = 5445CB910F3B18EE00325ED4 /* SBCouchDesignDocument.m */; };
		5445CBBE0F3B1AA400325ED4 /* SBCouchView.h in Headers */ = {isa = PBXBuildFile; fileRef = 5445CBBC0F3B1AA400325ED4 /* SBCouchView.h */; settings = {ATTRIBUTES = (Private, ); }; };
		5445CBBF0F3B1AA400325ED4 /* SBCouchView.m in Sources */ = {isa = PBXBuildFile; fileRef = 5445CBBD0F3B1AA400325ED4 /* SBCouchView.m */; };
		5445D1920F3BA45100325ED4 /* SBOrderedDictionary.h in Headers */ = {isa = PBXBuildFile; fileRef = 5445D1910F3BA45100325ED4 /* SBOrderedDictionary.h */; settings = {ATTRIBUTES = (Private, ); }; };
		544E9C2C0F7F0F5E003F6025 /* Database.m in Sources */ = {isa = PBXBuildFile; fileRef = 53905A500D9430CD003D62CE /* Database.m */; };
		544E9CE60F803252003F6025 /* SBCouchDatabaseInfoDocument.h in Headers */ = {isa = PBXBuildFile; fileRef = 544E9CE40F803252003F6025 /* SBCouchDatabaseInfoDocument.h */; settings = {ATTRIBUTES = (Private, ); }; };
		544E9CE70F803252003F6025 /* SBCouchDatabaseInfoDocument.m in Sources */ = {isa = PBXBuildFile; fileRef = 544E9CE50F803252003F6025 /* SBCouchDatabaseInfoDocument.m */; };
		5477677B0F2B5B2800E44AFE /* JSON.framework in CopyFiles */ = {isa = PBXBuildFile; fileRef = 540108430F1DA0E9002AC9E5 /* JSON.framework */; };
		5477687B0F2B8ED300E44AFE /* SBCouchDocument.h in Headers */ = {isa = PBXBuildFile; fileRef = 547768790F2B8ED300E44AFE /* SBCouchDocument.h */; settings = {ATTRIBUTES = (Private, ); }; };
		5477687C0F2B8ED300E44AFE /* SBCouchDocument.m in Sources */ = {isa = PBXBuildFile; fileRef = 5477687A0F2B8ED300E44AFE /* SBCouchDocument.m */; };
		549630300F18442600A9B002 /* SBCouchEnumerator.h in Headers */ = {isa = PBXBuildFile; fileRef = 5496302E0F18442600A9B002 /* SBCouchEnumerator.h */; settings = {ATTRIBUTES = (Private, ); }; };
		549630310F18442600A9B002 /* SBCouchEnumerator.m in Sources */ = {isa = PBXBuildFile; fileRef = 5496302F0F18442600A9B002 /* SBCouchEnumerator.m */; };
		8DC2EF530486A6940098B216 /* InfoPlist.strings in Resources */ = {isa = PBXBuildFile; fileRef = 089C1666FE841158C02AAC07 /* InfoPlist.strings */; };
/* End PBXBuildFile section */

/* Begin PBXContainerItemProxy section */
		5315EE6B0D940796001E3B2E /* PBXContainerItemProxy */ = {
			isa = PBXContainerItemProxy;
			containerPortal = 0867D690FE84028FC02AAC07 /* Project object */;
			proxyType = 1;
			remoteGlobalIDString = 8DC2EF4F0486A6940098B216;
			remoteInfo = CouchObjC;
		};
		5315EEAA0D941786001E3B2E /* PBXContainerItemProxy */ = {
			isa = PBXContainerItemProxy;
			containerPortal = 5315EEA00D941786001E3B2E /* JSON.xcodeproj */;
			proxyType = 2;
			remoteGlobalIDString = 53D229810C96121600276605;
			remoteInfo = JSON;
		};
		5315EEAC0D941786001E3B2E /* PBXContainerItemProxy */ = {
			isa = PBXContainerItemProxy;
			containerPortal = 5315EEA00D941786001E3B2E /* JSON.xcodeproj */;
			proxyType = 2;
			remoteGlobalIDString = 53D2298D0C96122A00276605;
			remoteInfo = Tests;
		};
		5315EEAE0D941786001E3B2E /* PBXContainerItemProxy */ = {
			isa = PBXContainerItemProxy;
			containerPortal = 5315EEA00D941786001E3B2E /* JSON.xcodeproj */;
			proxyType = 2;
			remoteGlobalIDString = FE2BBD800D8B0D3900184787;
			remoteInfo = json;
		};
		5315EEB00D941786001E3B2E /* PBXContainerItemProxy */ = {
			isa = PBXContainerItemProxy;
			containerPortal = 5315EEA00D941786001E3B2E /* JSON.xcodeproj */;
			proxyType = 2;
			remoteGlobalIDString = FE2BBDAB0D8B0EE000184787;
			remoteInfo = libjsontests;
		};
		5315EEC10D941975001E3B2E /* PBXContainerItemProxy */ = {
			isa = PBXContainerItemProxy;
			containerPortal = 5315EEA00D941786001E3B2E /* JSON.xcodeproj */;
			proxyType = 1;
			remoteGlobalIDString = 53D229800C96121600276605;
			remoteInfo = JSON;
		};
		544133440F7AC489006FFC9E /* PBXContainerItemProxy */ = {
			isa = PBXContainerItemProxy;
			containerPortal = 0867D690FE84028FC02AAC07 /* Project object */;
			proxyType = 1;
			remoteGlobalIDString = 8DC2EF4F0486A6940098B216;
			remoteInfo = CouchObjC;
		};
/* End PBXContainerItemProxy section */

/* Begin PBXCopyFilesBuildPhase section */
		53A9DBBB0D947A290019A94C /* CopyFiles */ = {
			isa = PBXCopyFilesBuildPhase;
			buildActionMask = 2147483647;
			dstPath = "";
			dstSubfolderSpec = 10;
			files = (
				5477677B0F2B5B2800E44AFE /* JSON.framework in CopyFiles */,
			);
			runOnlyForDeploymentPostprocessing = 0;
		};
/* End PBXCopyFilesBuildPhase section */

/* Begin PBXFileReference section */
		0867D69BFE84028FC02AAC07 /* Foundation.framework */ = {isa = PBXFileReference; lastKnownFileType = wrapper.framework; name = Foundation.framework; path = /System/Library/Frameworks/Foundation.framework; sourceTree = "<absolute>"; };
		0867D6A5FE840307C02AAC07 /* AppKit.framework */ = {isa = PBXFileReference; lastKnownFileType = wrapper.framework; name = AppKit.framework; path = /System/Library/Frameworks/AppKit.framework; sourceTree = "<absolute>"; };
		089C1667FE841158C02AAC07 /* English */ = {isa = PBXFileReference; fileEncoding = 10; lastKnownFileType = text.plist.strings; name = English; path = English.lproj/InfoPlist.strings; sourceTree = "<group>"; };
		1058C7B1FEA5585E11CA2CBB /* Cocoa.framework */ = {isa = PBXFileReference; lastKnownFileType = wrapper.framework; name = Cocoa.framework; path = /System/Library/Frameworks/Cocoa.framework; sourceTree = "<absolute>"; };
		32DBCF5E0370ADEE00C91783 /* CouchObjC_Prefix.pch */ = {isa = PBXFileReference; fileEncoding = 4; lastKnownFileType = sourcecode.c.h; path = CouchObjC_Prefix.pch; sourceTree = "<group>"; };
		5315EE5B0D940717001E3B2E /* SBCouchServer.h */ = {isa = PBXFileReference; fileEncoding = 4; lastKnownFileType = sourcecode.c.h; path = SBCouchServer.h; sourceTree = "<group>"; };
		5315EE5C0D940717001E3B2E /* SBCouchServer.m */ = {isa = PBXFileReference; fileEncoding = 4; lastKnownFileType = sourcecode.c.objc; path = SBCouchServer.m; sourceTree = "<group>"; };
		5315EE640D94078D001E3B2E /* Tests.octest */ = {isa = PBXFileReference; explicitFileType = wrapper.cfbundle; includeInIndex = 0; path = Tests.octest; sourceTree = BUILT_PRODUCTS_DIR; };
		5315EE650D94078D001E3B2E /* Tests-Info.plist */ = {isa = PBXFileReference; lastKnownFileType = text.plist.xml; path = "Tests-Info.plist"; sourceTree = "<group>"; };
		5315EE780D940818001E3B2E /* Server.m */ = {isa = PBXFileReference; fileEncoding = 4; lastKnownFileType = sourcecode.c.objc; path = Server.m; sourceTree = "<group>"; };
		5315EEA00D941786001E3B2E /* JSON.xcodeproj */ = {isa = PBXFileReference; lastKnownFileType = "wrapper.pb-project"; name = JSON.xcodeproj; path = vendor/JSON/JSON.xcodeproj; sourceTree = "<group>"; };
		53905A0E0D9429B4003D62CE /* NSDictionary+CouchObjC.h */ = {isa = PBXFileReference; fileEncoding = 4; lastKnownFileType = sourcecode.c.h; path = "NSDictionary+CouchObjC.h"; sourceTree = "<group>"; };
		53905A0F0D9429B4003D62CE /* NSDictionary+CouchObjC.m */ = {isa = PBXFileReference; fileEncoding = 4; lastKnownFileType = sourcecode.c.objc; path = "NSDictionary+CouchObjC.m"; sourceTree = "<group>"; };
		53905A130D9429CE003D62CE /* Document.m */ = {isa = PBXFileReference; fileEncoding = 4; lastKnownFileType = sourcecode.c.objc; path = Document.m; sourceTree = "<group>"; };
		53905A500D9430CD003D62CE /* Database.m */ = {isa = PBXFileReference; fileEncoding = 4; lastKnownFileType = sourcecode.c.objc; path = Database.m; sourceTree = "<group>"; };
		53905A560D943BD5003D62CE /* SBCouchDatabase.h */ = {isa = PBXFileReference; fileEncoding = 4; lastKnownFileType = sourcecode.c.h; path = SBCouchDatabase.h; sourceTree = "<group>"; };
		53905A570D943BD5003D62CE /* SBCouchDatabase.m */ = {isa = PBXFileReference; fileEncoding = 4; lastKnownFileType = sourcecode.c.objc; path = SBCouchDatabase.m; sourceTree = "<group>"; };
		53905A820D943DF8003D62CE /* CouchObjC.h */ = {isa = PBXFileReference; fileEncoding = 4; lastKnownFileType = sourcecode.c.h; path = CouchObjC.h; sourceTree = "<group>"; };
		53A9DB1B0D94583C0019A94C /* SBCouchResponse.h */ = {isa = PBXFileReference; fileEncoding = 4; lastKnownFileType = sourcecode.c.h; path = SBCouchResponse.h; sourceTree = "<group>"; };
		53A9DB1C0D94583C0019A94C /* SBCouchResponse.m */ = {isa = PBXFileReference; fileEncoding = 4; lastKnownFileType = sourcecode.c.objc; path = SBCouchResponse.m; sourceTree = "<group>"; };
		540108430F1DA0E9002AC9E5 /* JSON.framework */ = {isa = PBXFileReference; lastKnownFileType = wrapper.framework; name = JSON.framework; path = vendor/JSON/build/Release/JSON.framework; sourceTree = SOURCE_ROOT; };
		540E179E0F30B42C00402ED3 /* SBOrderedDictionary.m */ = {isa = PBXFileReference; fileEncoding = 4; lastKnownFileType = sourcecode.c.objc; path = SBOrderedDictionary.m; sourceTree = "<group>"; };
		54111E970F5F1A80007EE391 /* SBEnumeratorIntegrationTest.m */ = {isa = PBXFileReference; fileEncoding = 4; lastKnownFileType = sourcecode.c.objc; path = SBEnumeratorIntegrationTest.m; sourceTree = "<group>"; };
		54111F3E0F606B53007EE391 /* SBCouchQueryOptions.h */ = {isa = PBXFileReference; fileEncoding = 4; lastKnownFileType = sourcecode.c.h; path = SBCouchQueryOptions.h; sourceTree = "<group>"; };
		54111F3F0F606B53007EE391 /* SBCouchQueryOptions.m */ = {isa = PBXFileReference; fileEncoding = 4; lastKnownFileType = sourcecode.c.objc; path = SBCouchQueryOptions.m; sourceTree = "<group>"; };
		54111F480F6073D1007EE391 /* SBQueryOptionsIntegrationTest.m */ = {isa = PBXFileReference; fileEncoding = 4; lastKnownFileType = sourcecode.c.objc; path = SBQueryOptionsIntegrationTest.m; sourceTree = "<group>"; };
		5411200A0F60CFFD007EE391 /* SBCouchQueryOptionsTest.m */ = {isa = PBXFileReference; fileEncoding = 4; lastKnownFileType = sourcecode.c.objc; path = SBCouchQueryOptionsTest.m; sourceTree = "<group>"; };
		544133500F7AC489006FFC9E /* Tests.octest */ = {isa = PBXFileReference; explicitFileType = wrapper.cfbundle; includeInIndex = 0; path = Tests.octest; sourceTree = BUILT_PRODUCTS_DIR; };
		544133510F7AC489006FFC9E /* Tests-Info copy.plist */ = {isa = PBXFileReference; lastKnownFileType = text.plist.xml; path = "Tests-Info copy.plist"; sourceTree = "<group>"; };
		5445CB900F3B18EE00325ED4 /* SBCouchDesignDocument.h */ = {isa = PBXFileReference; fileEncoding = 4; lastKnownFileType = sourcecode.c.h; path = SBCouchDesignDocument.h; sourceTree = "<group>"; };
		5445CB910F3B18EE00325ED4 /* SBCouchDesignDocument.m */ = {isa = PBXFileReference; fileEncoding = 4; lastKnownFileType = sourcecode.c.objc; path = SBCouchDesignDocument.m; sourceTree = "<group>"; };
		5445CBBC0F3B1AA400325ED4 /* SBCouchView.h */ = {isa = PBXFileReference; fileEncoding = 4; lastKnownFileType = sourcecode.c.h; path = SBCouchView.h; sourceTree = "<group>"; };
		5445CBBD0F3B1AA400325ED4 /* SBCouchView.m */ = {isa = PBXFileReference; fileEncoding = 4; lastKnownFileType = sourcecode.c.objc; path = SBCouchView.m; sourceTree = "<group>"; };
		5445CBE00F3B29C800325ED4 /* SBCouchDesignDocumentTest.m */ = {isa = PBXFileReference; fileEncoding = 4; lastKnownFileType = sourcecode.c.objc; path = SBCouchDesignDocumentTest.m; sourceTree = "<group>"; };
		5445CD2E0F3B4A8F00325ED4 /* SBCouchViewTest.m */ = {isa = PBXFileReference; fileEncoding = 4; lastKnownFileType = sourcecode.c.objc; path = SBCouchViewTest.m; sourceTree = "<group>"; };
		5445CDC20F3B50B700325ED4 /* SBCouchDesignDocumentTest.m */ = {isa = PBXFileReference; fileEncoding = 4; lastKnownFileType = sourcecode.c.objc; path = SBCouchDesignDocumentTest.m; sourceTree = "<group>"; };
		5445D1910F3BA45100325ED4 /* SBOrderedDictionary.h */ = {isa = PBXFileReference; fileEncoding = 4; lastKnownFileType = sourcecode.c.h; path = SBOrderedDictionary.h; sourceTree = "<group>"; };
		544E9CE40F803252003F6025 /* SBCouchDatabaseInfoDocument.h */ = {isa = PBXFileReference; fileEncoding = 4; lastKnownFileType = sourcecode.c.h; path = SBCouchDatabaseInfoDocument.h; sourceTree = "<group>"; };
		544E9CE50F803252003F6025 /* SBCouchDatabaseInfoDocument.m */ = {isa = PBXFileReference; fileEncoding = 4; lastKnownFileType = sourcecode.c.objc; path = SBCouchDatabaseInfoDocument.m; sourceTree = "<group>"; };
		545E8DD80F17D31A00E96BEA /* README */ = {isa = PBXFileReference; fileEncoding = 4; lastKnownFileType = text; path = README; sourceTree = "<group>"; };
		547767ED0F2B80A900E44AFE /* SBCouchDocumentIntegrationTest.m */ = {isa = PBXFileReference; fileEncoding = 4; lastKnownFileType = sourcecode.c.objc; path = SBCouchDocumentIntegrationTest.m; sourceTree = "<group>"; };
		547767F60F2B812B00E44AFE /* AbstractDatabaseTest.m */ = {isa = PBXFileReference; fileEncoding = 4; lastKnownFileType = sourcecode.c.objc; path = AbstractDatabaseTest.m; sourceTree = "<group>"; };
		5477680E0F2B83C800E44AFE /* AbstractDatabaseTest.h */ = {isa = PBXFileReference; fileEncoding = 4; lastKnownFileType = sourcecode.c.h; path = AbstractDatabaseTest.h; sourceTree = "<group>"; };
		547768790F2B8ED300E44AFE /* SBCouchDocument.h */ = {isa = PBXFileReference; fileEncoding = 4; lastKnownFileType = sourcecode.c.h; path = SBCouchDocument.h; sourceTree = "<group>"; };
		5477687A0F2B8ED300E44AFE /* SBCouchDocument.m */ = {isa = PBXFileReference; fileEncoding = 4; lastKnownFileType = sourcecode.c.objc; path = SBCouchDocument.m; sourceTree = "<group>"; };
		547768AE0F2B91ED00E44AFE /* SBCouchDocumentTest.m */ = {isa = PBXFileReference; fileEncoding = 4; lastKnownFileType = sourcecode.c.objc; path = SBCouchDocumentTest.m; sourceTree = "<group>"; };
		5495B2E40F585D77007CEAEB /* StandAloneDocumentsIntegrationTest.m */ = {isa = PBXFileReference; fileEncoding = 4; lastKnownFileType = sourcecode.c.objc; path = StandAloneDocumentsIntegrationTest.m; sourceTree = "<group>"; };
		5496302E0F18442600A9B002 /* SBCouchEnumerator.h */ = {isa = PBXFileReference; fileEncoding = 4; lastKnownFileType = sourcecode.c.h; path = SBCouchEnumerator.h; sourceTree = "<group>"; };
		5496302F0F18442600A9B002 /* SBCouchEnumerator.m */ = {isa = PBXFileReference; fileEncoding = 4; lastKnownFileType = sourcecode.c.objc; path = SBCouchEnumerator.m; sourceTree = "<group>"; };
		54A70F020F685770004F7D2D /* SBCouchDesignDocumentIntegrationTest.m */ = {isa = PBXFileReference; fileEncoding = 4; lastKnownFileType = sourcecode.c.objc; path = SBCouchDesignDocumentIntegrationTest.m; sourceTree = "<group>"; };
		54F989600F40D78000CAF6B0 /* SBSlowViewIntegrationTest.m */ = {isa = PBXFileReference; fileEncoding = 4; lastKnownFileType = sourcecode.c.objc; path = SBSlowViewIntegrationTest.m; sourceTree = "<group>"; };
		8DC2EF5A0486A6940098B216 /* Info.plist */ = {isa = PBXFileReference; fileEncoding = 4; lastKnownFileType = text.plist.xml; path = Info.plist; sourceTree = "<group>"; };
		8DC2EF5B0486A6940098B216 /* CouchObjC.framework */ = {isa = PBXFileReference; explicitFileType = wrapper.framework; includeInIndex = 0; path = CouchObjC.framework; sourceTree = BUILT_PRODUCTS_DIR; };
		D2F7E79907B2D74100F64583 /* CoreData.framework */ = {isa = PBXFileReference; lastKnownFileType = wrapper.framework; name = CoreData.framework; path = /System/Library/Frameworks/CoreData.framework; sourceTree = "<absolute>"; };
/* End PBXFileReference section */

/* Begin PBXFrameworksBuildPhase section */
		5315EE610D94078D001E3B2E /* Frameworks */ = {
			isa = PBXFrameworksBuildPhase;
			buildActionMask = 2147483647;
			files = (
				541FAE4B0F58E515008099B8 /* CouchObjC.framework in Frameworks */,
			);
			runOnlyForDeploymentPostprocessing = 0;
		};
		5441334A0F7AC489006FFC9E /* Frameworks */ = {
			isa = PBXFrameworksBuildPhase;
			buildActionMask = 2147483647;
			files = (
				5441334B0F7AC489006FFC9E /* CouchObjC.framework in Frameworks */,
			);
			runOnlyForDeploymentPostprocessing = 0;
		};
		8DC2EF560486A6940098B216 /* Frameworks */ = {
			isa = PBXFrameworksBuildPhase;
			buildActionMask = 2147483647;
			files = (
				5315EE8B0D941085001E3B2E /* Foundation.framework in Frameworks */,
				540108440F1DA0E9002AC9E5 /* JSON.framework in Frameworks */,
			);
			runOnlyForDeploymentPostprocessing = 0;
		};
/* End PBXFrameworksBuildPhase section */

/* Begin PBXGroup section */
		034768DFFF38A50411DB9C8B /* Products */ = {
			isa = PBXGroup;
			children = (
				8DC2EF5B0486A6940098B216 /* CouchObjC.framework */,
				5315EE640D94078D001E3B2E /* Tests.octest */,
				544133500F7AC489006FFC9E /* Tests.octest */,
			);
			name = Products;
			sourceTree = "<group>";
		};
		0867D691FE84028FC02AAC07 /* CouchObjC */ = {
			isa = PBXGroup;
			children = (
				5315EEA00D941786001E3B2E /* JSON.xcodeproj */,
				08FB77AEFE84172EC02AAC07 /* Classes */,
				5315EE760D9407F0001E3B2E /* Tests */,
				32C88DFF0371C24200C91783 /* Other Sources */,
				089C1665FE841158C02AAC07 /* Resources */,
				0867D69AFE84028FC02AAC07 /* External Frameworks and Libraries */,
				034768DFFF38A50411DB9C8B /* Products */,
				545E8DD80F17D31A00E96BEA /* README */,
				5445CBE00F3B29C800325ED4 /* SBCouchDesignDocumentTest.m */,
			);
			name = CouchObjC;
			sourceTree = "<group>";
		};
		0867D69AFE84028FC02AAC07 /* External Frameworks and Libraries */ = {
			isa = PBXGroup;
			children = (
				1058C7B0FEA5585E11CA2CBB /* Linked Frameworks */,
				1058C7B2FEA5585E11CA2CBB /* Other Frameworks */,
			);
			name = "External Frameworks and Libraries";
			sourceTree = "<group>";
		};
		089C1665FE841158C02AAC07 /* Resources */ = {
			isa = PBXGroup;
			children = (
				8DC2EF5A0486A6940098B216 /* Info.plist */,
				089C1666FE841158C02AAC07 /* InfoPlist.strings */,
				5315EE650D94078D001E3B2E /* Tests-Info.plist */,
				544133510F7AC489006FFC9E /* Tests-Info copy.plist */,
			);
			name = Resources;
			sourceTree = "<group>";
		};
		08FB77AEFE84172EC02AAC07 /* Classes */ = {
			isa = PBXGroup;
			children = (
				5445CC690F3B3C8800325ED4 /* headers */,
				540E179E0F30B42C00402ED3 /* SBOrderedDictionary.m */,
				5315EE5C0D940717001E3B2E /* SBCouchServer.m */,
				53905A570D943BD5003D62CE /* SBCouchDatabase.m */,
				53A9DB1C0D94583C0019A94C /* SBCouchResponse.m */,
				53905A0F0D9429B4003D62CE /* NSDictionary+CouchObjC.m */,
				5496302F0F18442600A9B002 /* SBCouchEnumerator.m */,
				5477687A0F2B8ED300E44AFE /* SBCouchDocument.m */,
				5445CB910F3B18EE00325ED4 /* SBCouchDesignDocument.m */,
				5445CBBD0F3B1AA400325ED4 /* SBCouchView.m */,
				54111F3F0F606B53007EE391 /* SBCouchQueryOptions.m */,
				544E9CE50F803252003F6025 /* SBCouchDatabaseInfoDocument.m */,
			);
			path = Classes;
			sourceTree = "<group>";
		};
		1058C7B0FEA5585E11CA2CBB /* Linked Frameworks */ = {
			isa = PBXGroup;
			children = (
				540108430F1DA0E9002AC9E5 /* JSON.framework */,
				1058C7B1FEA5585E11CA2CBB /* Cocoa.framework */,
			);
			name = "Linked Frameworks";
			sourceTree = "<group>";
		};
		1058C7B2FEA5585E11CA2CBB /* Other Frameworks */ = {
			isa = PBXGroup;
			children = (
				0867D6A5FE840307C02AAC07 /* AppKit.framework */,
				D2F7E79907B2D74100F64583 /* CoreData.framework */,
				0867D69BFE84028FC02AAC07 /* Foundation.framework */,
			);
			name = "Other Frameworks";
			sourceTree = "<group>";
		};
		32C88DFF0371C24200C91783 /* Other Sources */ = {
			isa = PBXGroup;
			children = (
				32DBCF5E0370ADEE00C91783 /* CouchObjC_Prefix.pch */,
			);
			name = "Other Sources";
			sourceTree = "<group>";
		};
		5315EE760D9407F0001E3B2E /* Tests */ = {
			isa = PBXGroup;
			children = (
				5315EE780D940818001E3B2E /* Server.m */,
				53905A500D9430CD003D62CE /* Database.m */,
				53905A130D9429CE003D62CE /* Document.m */,
				547767F60F2B812B00E44AFE /* AbstractDatabaseTest.m */,
				5477680E0F2B83C800E44AFE /* AbstractDatabaseTest.h */,
				547768AE0F2B91ED00E44AFE /* SBCouchDocumentTest.m */,
				5445CD2E0F3B4A8F00325ED4 /* SBCouchViewTest.m */,
				5445CDC20F3B50B700325ED4 /* SBCouchDesignDocumentTest.m */,
				54F989600F40D78000CAF6B0 /* SBSlowViewIntegrationTest.m */,
				547767ED0F2B80A900E44AFE /* SBCouchDocumentIntegrationTest.m */,
				5495B2E40F585D77007CEAEB /* StandAloneDocumentsIntegrationTest.m */,
				54111E970F5F1A80007EE391 /* SBEnumeratorIntegrationTest.m */,
				5411200A0F60CFFD007EE391 /* SBCouchQueryOptionsTest.m */,
				54111F480F6073D1007EE391 /* SBQueryOptionsIntegrationTest.m */,
				54A70F020F685770004F7D2D /* SBCouchDesignDocumentIntegrationTest.m */,
			);
			path = Tests;
			sourceTree = "<group>";
		};
		5315EEA10D941786001E3B2E /* Products */ = {
			isa = PBXGroup;
			children = (
				5315EEAB0D941786001E3B2E /* JSON.framework */,
				5315EEAD0D941786001E3B2E /* Tests.octest */,
				5315EEAF0D941786001E3B2E /* libjson.a */,
				5315EEB10D941786001E3B2E /* libjsontests.octest */,
			);
			name = Products;
			sourceTree = "<group>";
		};
		5445CC690F3B3C8800325ED4 /* headers */ = {
			isa = PBXGroup;
			children = (
				54111F3E0F606B53007EE391 /* SBCouchQueryOptions.h */,
				5445D1910F3BA45100325ED4 /* SBOrderedDictionary.h */,
				53905A820D943DF8003D62CE /* CouchObjC.h */,
				5315EE5B0D940717001E3B2E /* SBCouchServer.h */,
				53905A560D943BD5003D62CE /* SBCouchDatabase.h */,
				53A9DB1B0D94583C0019A94C /* SBCouchResponse.h */,
				53905A0E0D9429B4003D62CE /* NSDictionary+CouchObjC.h */,
				5445CBBC0F3B1AA400325ED4 /* SBCouchView.h */,
				5496302E0F18442600A9B002 /* SBCouchEnumerator.h */,
				547768790F2B8ED300E44AFE /* SBCouchDocument.h */,
				5445CB900F3B18EE00325ED4 /* SBCouchDesignDocument.h */,
				544E9CE40F803252003F6025 /* SBCouchDatabaseInfoDocument.h */,
			);
			name = headers;
			sourceTree = "<group>";
		};
/* End PBXGroup section */

/* Begin PBXHeadersBuildPhase section */
		8DC2EF500486A6940098B216 /* Headers */ = {
			isa = PBXHeadersBuildPhase;
			buildActionMask = 2147483647;
			files = (
				5315EE5D0D940717001E3B2E /* SBCouchServer.h in Headers */,
				53905A100D9429B4003D62CE /* NSDictionary+CouchObjC.h in Headers */,
				53905A580D943BD5003D62CE /* SBCouchDatabase.h in Headers */,
				53905A830D943DF8003D62CE /* CouchObjC.h in Headers */,
				53A9DB1D0D94583C0019A94C /* SBCouchResponse.h in Headers */,
				549630300F18442600A9B002 /* SBCouchEnumerator.h in Headers */,
				5477687B0F2B8ED300E44AFE /* SBCouchDocument.h in Headers */,
				5445CB920F3B18EE00325ED4 /* SBCouchDesignDocument.h in Headers */,
				5445CBBE0F3B1AA400325ED4 /* SBCouchView.h in Headers */,
				5445D1920F3BA45100325ED4 /* SBOrderedDictionary.h in Headers */,
				54111F400F606B53007EE391 /* SBCouchQueryOptions.h in Headers */,
				544E9CE60F803252003F6025 /* SBCouchDatabaseInfoDocument.h in Headers */,
			);
			runOnlyForDeploymentPostprocessing = 0;
		};
/* End PBXHeadersBuildPhase section */

/* Begin PBXNativeTarget section */
		5315EE630D94078D001E3B2E /* Tests */ = {
			isa = PBXNativeTarget;
			buildConfigurationList = 5315EE6A0D94078F001E3B2E /* Build configuration list for PBXNativeTarget "Tests" */;
			buildPhases = (
				5315EE5F0D94078D001E3B2E /* Resources */,
				5315EE600D94078D001E3B2E /* Sources */,
				5315EE610D94078D001E3B2E /* Frameworks */,
				5315EE620D94078D001E3B2E /* ShellScript */,
			);
			buildRules = (
			);
			dependencies = (
				5315EE6C0D940796001E3B2E /* PBXTargetDependency */,
			);
			name = Tests;
			productName = Tests;
			productReference = 5315EE640D94078D001E3B2E /* Tests.octest */;
			productType = "com.apple.product-type.bundle";
		};
		544133420F7AC489006FFC9E /* All Tests */ = {
			isa = PBXNativeTarget;
			buildConfigurationList = 5441334D0F7AC489006FFC9E /* Build configuration list for PBXNativeTarget "All Tests" */;
			buildPhases = (
				544133450F7AC489006FFC9E /* Resources */,
				544133460F7AC489006FFC9E /* Sources */,
				5441334A0F7AC489006FFC9E /* Frameworks */,
				5441334C0F7AC489006FFC9E /* ShellScript */,
			);
			buildRules = (
			);
			dependencies = (
				544133430F7AC489006FFC9E /* PBXTargetDependency */,
			);
			name = "All Tests";
			productName = Tests;
			productReference = 544133500F7AC489006FFC9E /* Tests.octest */;
			productType = "com.apple.product-type.bundle";
		};
		8DC2EF4F0486A6940098B216 /* CouchObjC */ = {
			isa = PBXNativeTarget;
			buildConfigurationList = 1DEB91AD08733DA50010E9CD /* Build configuration list for PBXNativeTarget "CouchObjC" */;
			buildPhases = (
				53A9DBBB0D947A290019A94C /* CopyFiles */,
				8DC2EF500486A6940098B216 /* Headers */,
				8DC2EF520486A6940098B216 /* Resources */,
				8DC2EF540486A6940098B216 /* Sources */,
				8DC2EF560486A6940098B216 /* Frameworks */,
			);
			buildRules = (
			);
			dependencies = (
				5315EEC20D941975001E3B2E /* PBXTargetDependency */,
			);
			name = CouchObjC;
			productInstallPath = "$(HOME)/Library/Frameworks";
			productName = CouchObjC;
			productReference = 8DC2EF5B0486A6940098B216 /* CouchObjC.framework */;
			productType = "com.apple.product-type.framework";
		};
/* End PBXNativeTarget section */

/* Begin PBXProject section */
		0867D690FE84028FC02AAC07 /* Project object */ = {
			isa = PBXProject;
			buildConfigurationList = 1DEB91B108733DA50010E9CD /* Build configuration list for PBXProject "CouchObjC" */;
			compatibilityVersion = "Xcode 3.0";
			hasScannedForEncodings = 1;
			mainGroup = 0867D691FE84028FC02AAC07 /* CouchObjC */;
			productRefGroup = 034768DFFF38A50411DB9C8B /* Products */;
			projectDirPath = "";
			projectReferences = (
				{
					ProductGroup = 5315EEA10D941786001E3B2E /* Products */;
					ProjectRef = 5315EEA00D941786001E3B2E /* JSON.xcodeproj */;
				},
			);
			projectRoot = "";
			targets = (
				8DC2EF4F0486A6940098B216 /* CouchObjC */,
				5315EE630D94078D001E3B2E /* Tests */,
				544133420F7AC489006FFC9E /* All Tests */,
			);
		};
/* End PBXProject section */

/* Begin PBXReferenceProxy section */
		5315EEAB0D941786001E3B2E /* JSON.framework */ = {
			isa = PBXReferenceProxy;
			fileType = wrapper.framework;
			path = JSON.framework;
			remoteRef = 5315EEAA0D941786001E3B2E /* PBXContainerItemProxy */;
			sourceTree = BUILT_PRODUCTS_DIR;
		};
		5315EEAD0D941786001E3B2E /* Tests.octest */ = {
			isa = PBXReferenceProxy;
			fileType = wrapper.cfbundle;
			path = Tests.octest;
			remoteRef = 5315EEAC0D941786001E3B2E /* PBXContainerItemProxy */;
			sourceTree = BUILT_PRODUCTS_DIR;
		};
		5315EEAF0D941786001E3B2E /* libjson.a */ = {
			isa = PBXReferenceProxy;
			fileType = archive.ar;
			path = libjson.a;
			remoteRef = 5315EEAE0D941786001E3B2E /* PBXContainerItemProxy */;
			sourceTree = BUILT_PRODUCTS_DIR;
		};
		5315EEB10D941786001E3B2E /* libjsontests.octest */ = {
			isa = PBXReferenceProxy;
			fileType = wrapper.cfbundle;
			path = libjsontests.octest;
			remoteRef = 5315EEB00D941786001E3B2E /* PBXContainerItemProxy */;
			sourceTree = BUILT_PRODUCTS_DIR;
		};
/* End PBXReferenceProxy section */

/* Begin PBXResourcesBuildPhase section */
		5315EE5F0D94078D001E3B2E /* Resources */ = {
			isa = PBXResourcesBuildPhase;
			buildActionMask = 2147483647;
			files = (
			);
			runOnlyForDeploymentPostprocessing = 0;
		};
		544133450F7AC489006FFC9E /* Resources */ = {
			isa = PBXResourcesBuildPhase;
			buildActionMask = 2147483647;
			files = (
			);
			runOnlyForDeploymentPostprocessing = 0;
		};
		8DC2EF520486A6940098B216 /* Resources */ = {
			isa = PBXResourcesBuildPhase;
			buildActionMask = 2147483647;
			files = (
				8DC2EF530486A6940098B216 /* InfoPlist.strings in Resources */,
			);
			runOnlyForDeploymentPostprocessing = 0;
		};
/* End PBXResourcesBuildPhase section */

/* Begin PBXShellScriptBuildPhase section */
		5315EE620D94078D001E3B2E /* ShellScript */ = {
			isa = PBXShellScriptBuildPhase;
			buildActionMask = 2147483647;
			files = (
			);
			inputPaths = (
			);
			outputPaths = (
			);
			runOnlyForDeploymentPostprocessing = 0;
			shellPath = /bin/sh;
			shellScript = "# Run the unit tests in this test bundle.\n\"${SYSTEM_DEVELOPER_DIR}/Tools/RunUnitTests\"\n";
		};
		5441334C0F7AC489006FFC9E /* ShellScript */ = {
			isa = PBXShellScriptBuildPhase;
			buildActionMask = 2147483647;
			files = (
			);
			inputPaths = (
			);
			outputPaths = (
			);
			runOnlyForDeploymentPostprocessing = 0;
			shellPath = /bin/sh;
			shellScript = "# Run the unit tests in this test bundle.\n\"${SYSTEM_DEVELOPER_DIR}/Tools/RunUnitTests\"\n";
		};
/* End PBXShellScriptBuildPhase section */

/* Begin PBXSourcesBuildPhase section */
		5315EE600D94078D001E3B2E /* Sources */ = {
			isa = PBXSourcesBuildPhase;
			buildActionMask = 2147483647;
			files = (
				544E9C2C0F7F0F5E003F6025 /* Database.m in Sources */,
				544131230F7A7243006FFC9E /* AbstractDatabaseTest.m in Sources */,
			);
			runOnlyForDeploymentPostprocessing = 0;
		};
		544133460F7AC489006FFC9E /* Sources */ = {
			isa = PBXSourcesBuildPhase;
			buildActionMask = 2147483647;
			files = (
				544133550F7AC4BC006FFC9E /* Server.m in Sources */,
				544133560F7AC4BC006FFC9E /* Database.m in Sources */,
				544133570F7AC4BC006FFC9E /* Document.m in Sources */,
				544133580F7AC4BC006FFC9E /* AbstractDatabaseTest.m in Sources */,
				544133590F7AC4BC006FFC9E /* SBCouchDocumentTest.m in Sources */,
				5441335A0F7AC4BC006FFC9E /* SBCouchViewTest.m in Sources */,
				5441335B0F7AC4BC006FFC9E /* SBCouchDesignDocumentTest.m in Sources */,
				5441335C0F7AC4BC006FFC9E /* SBSlowViewIntegrationTest.m in Sources */,
				5441335D0F7AC4BC006FFC9E /* SBCouchDocumentIntegrationTest.m in Sources */,
				5441335E0F7AC4BC006FFC9E /* StandAloneDocumentsIntegrationTest.m in Sources */,
				5441335F0F7AC4BC006FFC9E /* SBEnumeratorIntegrationTest.m in Sources */,
				544133600F7AC4BC006FFC9E /* SBCouchQueryOptionsTest.m in Sources */,
				544133610F7AC4BC006FFC9E /* SBQueryOptionsIntegrationTest.m in Sources */,
				544133620F7AC4BC006FFC9E /* SBCouchDesignDocumentIntegrationTest.m in Sources */,
			);
			runOnlyForDeploymentPostprocessing = 0;
		};
		8DC2EF540486A6940098B216 /* Sources */ = {
			isa = PBXSourcesBuildPhase;
			buildActionMask = 2147483647;
			files = (
				5315EE5E0D940717001E3B2E /* SBCouchServer.m in Sources */,
				53905A110D9429B4003D62CE /* NSDictionary+CouchObjC.m in Sources */,
				53905A590D943BD5003D62CE /* SBCouchDatabase.m in Sources */,
				53A9DB1E0D94583C0019A94C /* SBCouchResponse.m in Sources */,
				549630310F18442600A9B002 /* SBCouchEnumerator.m in Sources */,
				5477687C0F2B8ED300E44AFE /* SBCouchDocument.m in Sources */,
				540E17A00F30B42C00402ED3 /* SBOrderedDictionary.m in Sources */,
				5445CB930F3B18EE00325ED4 /* SBCouchDesignDocument.m in Sources */,
				5445CBBF0F3B1AA400325ED4 /* SBCouchView.m in Sources */,
				54111F410F606B53007EE391 /* SBCouchQueryOptions.m in Sources */,
				544E9CE70F803252003F6025 /* SBCouchDatabaseInfoDocument.m in Sources */,
			);
			runOnlyForDeploymentPostprocessing = 0;
		};
/* End PBXSourcesBuildPhase section */

/* Begin PBXTargetDependency section */
		5315EE6C0D940796001E3B2E /* PBXTargetDependency */ = {
			isa = PBXTargetDependency;
			target = 8DC2EF4F0486A6940098B216 /* CouchObjC */;
			targetProxy = 5315EE6B0D940796001E3B2E /* PBXContainerItemProxy */;
		};
		5315EEC20D941975001E3B2E /* PBXTargetDependency */ = {
			isa = PBXTargetDependency;
			name = JSON;
			targetProxy = 5315EEC10D941975001E3B2E /* PBXContainerItemProxy */;
		};
		544133430F7AC489006FFC9E /* PBXTargetDependency */ = {
			isa = PBXTargetDependency;
			target = 8DC2EF4F0486A6940098B216 /* CouchObjC */;
			targetProxy = 544133440F7AC489006FFC9E /* PBXContainerItemProxy */;
		};
/* End PBXTargetDependency section */

/* Begin PBXVariantGroup section */
		089C1666FE841158C02AAC07 /* InfoPlist.strings */ = {
			isa = PBXVariantGroup;
			children = (
				089C1667FE841158C02AAC07 /* English */,
			);
			name = InfoPlist.strings;
			sourceTree = "<group>";
		};
/* End PBXVariantGroup section */

/* Begin XCBuildConfiguration section */
		1DEB91AE08733DA50010E9CD /* Debug */ = {
			isa = XCBuildConfiguration;
			buildSettings = {
				ARCHS = "$(NATIVE_ARCH)";
				COPY_PHASE_STRIP = NO;
				CURRENT_PROJECT_VERSION = "";
				DYLIB_COMPATIBILITY_VERSION = 1;
				DYLIB_CURRENT_VERSION = 1;
				FRAMEWORK_SEARCH_PATHS = (
					"$(inherited)",
					"\"$(SRCROOT)/vendor/JSON/build/Release\"",
					./Frameworks,
				);
				FRAMEWORK_VERSION = A;
				GCC_DYNAMIC_NO_PIC = NO;
				GCC_ENABLE_FIX_AND_CONTINUE = YES;
				GCC_ENABLE_OBJC_GC = supported;
				GCC_MODEL_TUNING = G5;
				GCC_OPTIMIZATION_LEVEL = 0;
				GCC_PRECOMPILE_PREFIX_HEADER = YES;
				GCC_PREFIX_HEADER = CouchObjC_Prefix.pch;
				GCC_PREPROCESSOR_DEFINITIONS = "DEBUG=1";
				INFOPLIST_FILE = Info.plist;
				INSTALL_PATH = "@rpath";
				LD_RUNPATH_SEARCH_PATHS = "@exectuable_path/../Frameworks @loader_path/Frameworks @exectuable_path/Versions/A/Frameworks";
				ONLY_ACTIVE_ARCH = YES;
				PRODUCT_NAME = CouchObjC;
				VERSIONING_SYSTEM = "apple-generic";
				VERSION_INFO_PREFIX = SB;
				WRAPPER_EXTENSION = framework;
				ZERO_LINK = YES;
			};
			name = Debug;
		};
		1DEB91AF08733DA50010E9CD /* Release */ = {
			isa = XCBuildConfiguration;
			buildSettings = {
				CURRENT_PROJECT_VERSION = "";
				DEBUG_INFORMATION_FORMAT = "dwarf-with-dsym";
				DYLIB_COMPATIBILITY_VERSION = 1;
				DYLIB_CURRENT_VERSION = 1;
				FRAMEWORK_SEARCH_PATHS = (
					"$(inherited)",
					"\"$(SRCROOT)/vendor/JSON/build/Release\"",
					./Frameworks,
				);
				FRAMEWORK_VERSION = A;
				GCC_ENABLE_OBJC_GC = supported;
				GCC_MODEL_TUNING = G5;
				GCC_PRECOMPILE_PREFIX_HEADER = YES;
				GCC_PREFIX_HEADER = CouchObjC_Prefix.pch;
				INFOPLIST_FILE = Info.plist;
				INSTALL_PATH = "@rpath";
				LD_RUNPATH_SEARCH_PATHS = "";
				PRODUCT_NAME = CouchObjC;
				VERSIONING_SYSTEM = "apple-generic";
				VERSION_INFO_PREFIX = SB;
				WRAPPER_EXTENSION = framework;
			};
			name = Release;
		};
		1DEB91B208733DA50010E9CD /* Debug */ = {
			isa = XCBuildConfiguration;
			buildSettings = {
				ARCHS = "$(ARCHS_STANDARD_32_BIT_PRE_XCODE_3_1)";
				ARCHS_STANDARD_32_BIT_PRE_XCODE_3_1 = "ppc i386";
				GCC_ENABLE_OBJC_GC = supported;
				GCC_WARN_ABOUT_RETURN_TYPE = YES;
				GCC_WARN_UNUSED_VARIABLE = YES;
				LD_RUNPATH_SEARCH_PATHS = "/Users/robevans/Projects/cocoa/couchobj/build/Debug/CouchObjC.framework/Versions/A/Frameworks @exectuable_path/../Frameworks @loader_path/../Frameworks @exectuable_path/Versions/A/Frameworks";
				ONLY_ACTIVE_ARCH = NO;
				PREBINDING = NO;
				SDKROOT = "$(DEVELOPER_SDK_DIR)/MacOSX10.5.sdk";
			};
			name = Debug;
		};
		1DEB91B308733DA50010E9CD /* Release */ = {
			isa = XCBuildConfiguration;
			buildSettings = {
				ARCHS = "$(ARCHS_STANDARD_32_BIT_PRE_XCODE_3_1)";
				ARCHS_STANDARD_32_BIT_PRE_XCODE_3_1 = "ppc i386";
				GCC_ENABLE_OBJC_GC = supported;
				GCC_WARN_ABOUT_RETURN_TYPE = YES;
				GCC_WARN_UNUSED_VARIABLE = YES;
				HEADER_SEARCH_PATHS = (
					"@executable_path/../Framework",
					"@executable_path/../../Framework",
					"@executable_path/../../../Framework",
				);
				LD_RUNPATH_SEARCH_PATHS = "";
				ONLY_ACTIVE_ARCH = NO;
				PREBINDING = NO;
				SDKROOT = "$(DEVELOPER_SDK_DIR)/MacOSX10.5.sdk";
			};
			name = Release;
		};
		5315EE680D94078E001E3B2E /* Debug */ = {
			isa = XCBuildConfiguration;
			buildSettings = {
				ARCHS = "$(NATIVE_ARCH)";
				COPY_PHASE_STRIP = NO;
				FRAMEWORK_SEARCH_PATHS = (
					"\"$(SRCROOT)/vendor/JSON/build/Release\"",
					"$(DEVELOPER_LIBRARY_DIR)/Frameworks",
				);
				GCC_DYNAMIC_NO_PIC = NO;
				GCC_ENABLE_FIX_AND_CONTINUE = NO;
				GCC_ENABLE_OBJC_EXCEPTIONS = YES;
				GCC_ENABLE_OBJC_GC = supported;
				GCC_MODEL_TUNING = G5;
				GCC_OPTIMIZATION_LEVEL = 0;
				GCC_PRECOMPILE_PREFIX_HEADER = YES;
				GCC_PREFIX_HEADER = "$(SYSTEM_LIBRARY_DIR)/Frameworks/Cocoa.framework/Headers/Cocoa.h";
				GCC_PREPROCESSOR_DEFINITIONS = "DEBUG=1";
				GCC_WARN_64_TO_32_BIT_CONVERSION = NO;
				INFOPLIST_FILE = "Tests-Info.plist";
				INSTALL_PATH = "$(USER_LIBRARY_DIR)/Bundles";
				LD_RUNPATH_SEARCH_PATHS = "@exectuable_path/../Frameworks Frameworks @loader_path/../Frameworks @exectuable_path/Versions/A/Frameworks";
				ONLY_ACTIVE_ARCH = NO;
				OTHER_LDFLAGS = (
					"-framework",
					Cocoa,
					"-framework",
					SenTestingKit,
				);
				PREBINDING = NO;
				PRODUCT_NAME = Tests;
				WRAPPER_EXTENSION = octest;
			};
			name = Debug;
		};
		5315EE690D94078E001E3B2E /* Release */ = {
			isa = XCBuildConfiguration;
			buildSettings = {
				COPY_PHASE_STRIP = YES;
				DEBUG_INFORMATION_FORMAT = "dwarf-with-dsym";
				FRAMEWORK_SEARCH_PATHS = (
					"\"$(SRCROOT)/vendor/JSON/build/Release\"",
					"$(DEVELOPER_LIBRARY_DIR)/Frameworks",
				);
				GCC_ENABLE_FIX_AND_CONTINUE = NO;
				GCC_ENABLE_OBJC_EXCEPTIONS = YES;
				GCC_MODEL_TUNING = G5;
				GCC_PRECOMPILE_PREFIX_HEADER = YES;
				GCC_PREFIX_HEADER = "$(SYSTEM_LIBRARY_DIR)/Frameworks/Cocoa.framework/Headers/Cocoa.h";
				INFOPLIST_FILE = "Tests-Info.plist";
				INSTALL_PATH = "$(USER_LIBRARY_DIR)/Bundles";
				OTHER_LDFLAGS = (
					"-framework",
					Cocoa,
					"-framework",
					SenTestingKit,
				);
				PREBINDING = NO;
				PRODUCT_NAME = Tests;
				WRAPPER_EXTENSION = octest;
				ZERO_LINK = NO;
			};
			name = Release;
		};
		5441334E0F7AC489006FFC9E /* Debug */ = {
			isa = XCBuildConfiguration;
			buildSettings = {
				ARCHS = "$(NATIVE_ARCH)";
				COPY_PHASE_STRIP = NO;
				FRAMEWORK_SEARCH_PATHS = (
					"\\\"$(SRCROOT)/vendor/JSON/build/Release\\\"",
					"$(DEVELOPER_LIBRARY_DIR)/Frameworks",
					"\"$(SRCROOT)/vendor/JSON/build/Release\"",
				);
				GCC_DYNAMIC_NO_PIC = NO;
				GCC_ENABLE_FIX_AND_CONTINUE = NO;
				GCC_ENABLE_OBJC_EXCEPTIONS = YES;
				GCC_ENABLE_OBJC_GC = supported;
				GCC_MODEL_TUNING = G5;
				GCC_OPTIMIZATION_LEVEL = 0;
				GCC_PRECOMPILE_PREFIX_HEADER = YES;
				GCC_PREFIX_HEADER = "$(SYSTEM_LIBRARY_DIR)/Frameworks/Cocoa.framework/Headers/Cocoa.h";
				GCC_PREPROCESSOR_DEFINITIONS = "DEBUG=1";
				GCC_WARN_64_TO_32_BIT_CONVERSION = NO;
				INFOPLIST_FILE = "/Users/robevans/Projects/cocoa/couchobj/Tests-Info copy.plist";
				INSTALL_PATH = "$(USER_LIBRARY_DIR)/Bundles";
				LD_RUNPATH_SEARCH_PATHS = "@exectuable_path/../Frameworks Frameworks @loader_path/../Frameworks @exectuable_path/Versions/A/Frameworks";
				ONLY_ACTIVE_ARCH = NO;
				OTHER_LDFLAGS = (
					"-framework",
					Cocoa,
					"-framework",
					SenTestingKit,
				);
				PREBINDING = NO;
				PRODUCT_NAME = AllTests;
				WRAPPER_EXTENSION = octest;
			};
			name = Debug;
		};
		5441334F0F7AC489006FFC9E /* Release */ = {
			isa = XCBuildConfiguration;
			buildSettings = {
				COPY_PHASE_STRIP = YES;
				DEBUG_INFORMATION_FORMAT = "dwarf-with-dsym";
				FRAMEWORK_SEARCH_PATHS = (
					"\\\"$(SRCROOT)/vendor/JSON/build/Release\\\"",
					"$(DEVELOPER_LIBRARY_DIR)/Frameworks",
					"\"$(SRCROOT)/vendor/JSON/build/Release\"",
				);
				GCC_ENABLE_FIX_AND_CONTINUE = NO;
				GCC_ENABLE_OBJC_EXCEPTIONS = YES;
				GCC_MODEL_TUNING = G5;
				GCC_PRECOMPILE_PREFIX_HEADER = YES;
				GCC_PREFIX_HEADER = "$(SYSTEM_LIBRARY_DIR)/Frameworks/Cocoa.framework/Headers/Cocoa.h";
				INFOPLIST_FILE = "/Users/robevans/Projects/cocoa/couchobj/Tests-Info copy.plist";
				INSTALL_PATH = "$(USER_LIBRARY_DIR)/Bundles";
				OTHER_LDFLAGS = (
					"-framework",
					Cocoa,
					"-framework",
					SenTestingKit,
				);
				PREBINDING = NO;
				PRODUCT_NAME = Tests;
				WRAPPER_EXTENSION = octest;
				ZERO_LINK = NO;
			};
			name = Release;
		};
/* End XCBuildConfiguration section */

/* Begin XCConfigurationList section */
		1DEB91AD08733DA50010E9CD /* Build configuration list for PBXNativeTarget "CouchObjC" */ = {
			isa = XCConfigurationList;
			buildConfigurations = (
				1DEB91AE08733DA50010E9CD /* Debug */,
				1DEB91AF08733DA50010E9CD /* Release */,
			);
			defaultConfigurationIsVisible = 0;
			defaultConfigurationName = Release;
		};
		1DEB91B108733DA50010E9CD /* Build configuration list for PBXProject "CouchObjC" */ = {
			isa = XCConfigurationList;
			buildConfigurations = (
				1DEB91B208733DA50010E9CD /* Debug */,
				1DEB91B308733DA50010E9CD /* Release */,
			);
			defaultConfigurationIsVisible = 0;
			defaultConfigurationName = Release;
		};
		5315EE6A0D94078F001E3B2E /* Build configuration list for PBXNativeTarget "Tests" */ = {
			isa = XCConfigurationList;
			buildConfigurations = (
				5315EE680D94078E001E3B2E /* Debug */,
				5315EE690D94078E001E3B2E /* Release */,
			);
			defaultConfigurationIsVisible = 0;
			defaultConfigurationName = Release;
		};
		5441334D0F7AC489006FFC9E /* Build configuration list for PBXNativeTarget "All Tests" */ = {
			isa = XCConfigurationList;
			buildConfigurations = (
				5441334E0F7AC489006FFC9E /* Debug */,
				5441334F0F7AC489006FFC9E /* Release */,
			);
			defaultConfigurationIsVisible = 0;
			defaultConfigurationName = Release;
		};
/* End XCConfigurationList section */
	};
	rootObject = 0867D690FE84028FC02AAC07 /* Project object */;
}
